
Microsoft Visual Studio Solution File, Format Version 12.00
# Visual Studio Version 16
VisualStudioVersion = 16.0.810.11
MinimumVisualStudioVersion = 10.0.40219.1
Project("{FAE04EC0-301F-11D3-BF4B-00C04F79EFBC}") = "Client", "Client.csproj", "{48899CB3-71BB-41F4-A24B-0262CAF9F7A2}"
EndProject
Global
	GlobalSection(SolutionConfigurationPlatforms) = preSolution
		Debug|Any CPU = Debug|Any CPU
		Release|Any CPU = Release|Any CPU
	EndGlobalSection
	GlobalSection(ProjectConfigurationPlatforms) = postSolution
		{48899CB3-71BB-41F4-A24B-0262CAF9F7A2}.Debug|Any CPU.ActiveCfg = Debug|Any CPU
		{48899CB3-71BB-41F4-A24B-0262CAF9F7A2}.Debug|Any CPU.Build.0 = Debug|Any CPU
		{48899CB3-71BB-41F4-A24B-0262CAF9F7A2}.Release|Any CPU.ActiveCfg = Release|Any CPU
		{48899CB3-71BB-41F4-A24B-0262CAF9F7A2}.Release|Any CPU.Build.0 = Release|Any CPU
	EndGlobalSection
	GlobalSection(SolutionProperties) = preSolution
		HideSolutionNode = FALSE
	EndGlobalSection
	GlobalSection(ExtensibilityGlobals) = postSolution
		SolutionGuid = {0363D0BB-0E46-42DD-8AF6-DE47F220D4D3}
	EndGlobalSection
EndGlobal
